
Microsoft Visual Studio Solution File, Format Version 12.00
# Visual Studio Version 17
VisualStudioVersion = 17.14.36414.22 d17.14
MinimumVisualStudioVersion = 10.0.40219.1
Project("{FAE04EC0-301F-11D3-BF4B-00C04F79EFBC}") = "NguyenHongKhanh.SachOnline", "NguyenHongKhanh.SachOnline\NguyenHongKhanh.SachOnline.csproj", "{85774968-342C-43C6-A9CA-6B6411F3B4EA}"
EndProject
Global
	GlobalSection(SolutionConfigurationPlatforms) = preSolution
		Debug|Any CPU = Debug|Any CPU
		Release|Any CPU = Release|Any CPU
	EndGlobalSection
	GlobalSection(ProjectConfigurationPlatforms) = postSolution
		{85774968-342C-43C6-A9CA-6B6411F3B4EA}.Debug|Any CPU.ActiveCfg = Debug|Any CPU
		{85774968-342C-43C6-A9CA-6B6411F3B4EA}.Debug|Any CPU.Build.0 = Debug|Any CPU
		{85774968-342C-43C6-A9CA-6B6411F3B4EA}.Release|Any CPU.ActiveCfg = Release|Any CPU
		{85774968-342C-43C6-A9CA-6B6411F3B4EA}.Release|Any CPU.Build.0 = Release|Any CPU
	EndGlobalSection
	GlobalSection(SolutionProperties) = preSolution
		HideSolutionNode = FALSE
	EndGlobalSection
	GlobalSection(ExtensibilityGlobals) = postSolution
		SolutionGuid = {4455F36D-595F-408A-B8C7-88F528C74839}
	EndGlobalSection
EndGlobal
